
Microsoft Visual Studio Solution File, Format Version 12.00
# Visual Studio Version 17
VisualStudioVersion = 17.0.32112.339
MinimumVisualStudioVersion = 10.0.40219.1
Project("{9A19103F-16F7-4668-BE54-9A1E7A4F7556}") = "Gpio.Driver.Simulator", "Gpio.Driver.Simulator\Gpio.Driver.Simulator.csproj", "{02D7371D-512D-4B7B-93C2-44A0B27F6D55}"
EndProject
Project("{2150E333-8FDC-42A3-9474-1A3956D46DE8}") = "Samples", "Samples", "{E6975191-48BB-43D9-B98B-20CD18BC983F}"
EndProject
Project("{9A19103F-16F7-4668-BE54-9A1E7A4F7556}") = "Sample.Console", "Sample.Console\Sample.Console.csproj", "{55180D38-D931-4C9E-ADF7-1E1D38E20A0F}"
EndProject
Project("{9A19103F-16F7-4668-BE54-9A1E7A4F7556}") = "Sample.Console.Callback", "Sample.Console.Callback\Sample.Console.Callback.csproj", "{363CF7DB-F4A0-4682-A72C-70D26D1ACEE4}"
EndProject
Project("{9A19103F-16F7-4668-BE54-9A1E7A4F7556}") = "Sample.Console.Wait", "Sample.Console.Wait\Sample.Console.Wait.csproj", "{90236533-691C-4CA5-9B97-87B7491DB3B4}"
EndProject
Project("{9A19103F-16F7-4668-BE54-9A1E7A4F7556}") = "Sample.Console.CustomNumbering", "Sample.Console.CustomNumbering\Sample.Console.CustomNumbering.csproj", "{AC705C6A-4133-4B70-AF90-A9E59634648B}"
EndProject
Project("{9A19103F-16F7-4668-BE54-9A1E7A4F7556}") = "Sample.Console.LedBlink", "Sample.Console.LedBlink\Sample.Console.LedBlink.csproj", "{FAB4037F-E0D5-4FE2-A71B-268F9439EA49}"
EndProject
Project("{9A19103F-16F7-4668-BE54-9A1E7A4F7556}") = "Sample.WPF.Simulation1", "Sample.WPF.Simulation1\Sample.WPF.Simulation1.csproj", "{D07C355E-F5D2-4221-8AB6-9D95DDC75856}"
EndProject
Global
	GlobalSection(SolutionConfigurationPlatforms) = preSolution
		Debug|Any CPU = Debug|Any CPU
		Debug|ARM = Debug|ARM
		Debug|ARM64 = Debug|ARM64
		Debug|x64 = Debug|x64
		Debug|x86 = Debug|x86
		Release|Any CPU = Release|Any CPU
		Release|ARM = Release|ARM
		Release|ARM64 = Release|ARM64
		Release|x64 = Release|x64
		Release|x86 = Release|x86
	EndGlobalSection
	GlobalSection(ProjectConfigurationPlatforms) = postSolution
		{02D7371D-512D-4B7B-93C2-44A0B27F6D55}.Debug|Any CPU.ActiveCfg = Debug|Any CPU
		{02D7371D-512D-4B7B-93C2-44A0B27F6D55}.Debug|Any CPU.Build.0 = Debug|Any CPU
		{02D7371D-512D-4B7B-93C2-44A0B27F6D55}.Debug|ARM.ActiveCfg = Debug|Any CPU
		{02D7371D-512D-4B7B-93C2-44A0B27F6D55}.Debug|ARM.Build.0 = Debug|Any CPU
		{02D7371D-512D-4B7B-93C2-44A0B27F6D55}.Debug|ARM64.ActiveCfg = Debug|Any CPU
		{02D7371D-512D-4B7B-93C2-44A0B27F6D55}.Debug|ARM64.Build.0 = Debug|Any CPU
		{02D7371D-512D-4B7B-93C2-44A0B27F6D55}.Debug|x64.ActiveCfg = Debug|Any CPU
		{02D7371D-512D-4B7B-93C2-44A0B27F6D55}.Debug|x64.Build.0 = Debug|Any CPU
		{02D7371D-512D-4B7B-93C2-44A0B27F6D55}.Debug|x86.ActiveCfg = Debug|Any CPU
		{02D7371D-512D-4B7B-93C2-44A0B27F6D55}.Debug|x86.Build.0 = Debug|Any CPU
		{02D7371D-512D-4B7B-93C2-44A0B27F6D55}.Release|Any CPU.ActiveCfg = Release|Any CPU
		{02D7371D-512D-4B7B-93C2-44A0B27F6D55}.Release|Any CPU.Build.0 = Release|Any CPU
		{02D7371D-512D-4B7B-93C2-44A0B27F6D55}.Release|ARM.ActiveCfg = Release|Any CPU
		{02D7371D-512D-4B7B-93C2-44A0B27F6D55}.Release|ARM.Build.0 = Release|Any CPU
		{02D7371D-512D-4B7B-93C2-44A0B27F6D55}.Release|ARM64.ActiveCfg = Release|Any CPU
		{02D7371D-512D-4B7B-93C2-44A0B27F6D55}.Release|ARM64.Build.0 = Release|Any CPU
		{02D7371D-512D-4B7B-93C2-44A0B27F6D55}.Release|x64.ActiveCfg = Release|Any CPU
		{02D7371D-512D-4B7B-93C2-44A0B27F6D55}.Release|x64.Build.0 = Release|Any CPU
		{02D7371D-512D-4B7B-93C2-44A0B27F6D55}.Release|x86.ActiveCfg = Release|Any CPU
		{02D7371D-512D-4B7B-93C2-44A0B27F6D55}.Release|x86.Build.0 = Release|Any CPU
		{55180D38-D931-4C9E-ADF7-1E1D38E20A0F}.Debug|Any CPU.ActiveCfg = Debug|Any CPU
		{55180D38-D931-4C9E-ADF7-1E1D38E20A0F}.Debug|Any CPU.Build.0 = Debug|Any CPU
		{55180D38-D931-4C9E-ADF7-1E1D38E20A0F}.Debug|ARM.ActiveCfg = Debug|Any CPU
		{55180D38-D931-4C9E-ADF7-1E1D38E20A0F}.Debug|ARM.Build.0 = Debug|Any CPU
		{55180D38-D931-4C9E-ADF7-1E1D38E20A0F}.Debug|ARM64.ActiveCfg = Debug|Any CPU
		{55180D38-D931-4C9E-ADF7-1E1D38E20A0F}.Debug|ARM64.Build.0 = Debug|Any CPU
		{55180D38-D931-4C9E-ADF7-1E1D38E20A0F}.Debug|x64.ActiveCfg = Debug|Any CPU
		{55180D38-D931-4C9E-ADF7-1E1D38E20A0F}.Debug|x64.Build.0 = Debug|Any CPU
		{55180D38-D931-4C9E-ADF7-1E1D38E20A0F}.Debug|x86.ActiveCfg = Debug|Any CPU
		{55180D38-D931-4C9E-ADF7-1E1D38E20A0F}.Debug|x86.Build.0 = Debug|Any CPU
		{55180D38-D931-4C9E-ADF7-1E1D38E20A0F}.Release|Any CPU.ActiveCfg = Release|Any CPU
		{55180D38-D931-4C9E-ADF7-1E1D38E20A0F}.Release|Any CPU.Build.0 = Release|Any CPU
		{55180D38-D931-4C9E-ADF7-1E1D38E20A0F}.Release|ARM.ActiveCfg = Release|Any CPU
		{55180D38-D931-4C9E-ADF7-1E1D38E20A0F}.Release|ARM.Build.0 = Release|Any CPU
		{55180D38-D931-4C9E-ADF7-1E1D38E20A0F}.Release|ARM64.ActiveCfg = Release|Any CPU
		{55180D38-D931-4C9E-ADF7-1E1D38E20A0F}.Release|ARM64.Build.0 = Release|Any CPU
		{55180D38-D931-4C9E-ADF7-1E1D38E20A0F}.Release|x64.ActiveCfg = Release|Any CPU
		{55180D38-D931-4C9E-ADF7-1E1D38E20A0F}.Release|x64.Build.0 = Release|Any CPU
		{55180D38-D931-4C9E-ADF7-1E1D38E20A0F}.Release|x86.ActiveCfg = Release|Any CPU
		{55180D38-D931-4C9E-ADF7-1E1D38E20A0F}.Release|x86.Build.0 = Release|Any CPU
		{363CF7DB-F4A0-4682-A72C-70D26D1ACEE4}.Debug|Any CPU.ActiveCfg = Debug|Any CPU
		{363CF7DB-F4A0-4682-A72C-70D26D1ACEE4}.Debug|Any CPU.Build.0 = Debug|Any CPU
		{363CF7DB-F4A0-4682-A72C-70D26D1ACEE4}.Debug|ARM.ActiveCfg = Debug|Any CPU
		{363CF7DB-F4A0-4682-A72C-70D26D1ACEE4}.Debug|ARM.Build.0 = Debug|Any CPU
		{363CF7DB-F4A0-4682-A72C-70D26D1ACEE4}.Debug|ARM64.ActiveCfg = Debug|Any CPU
		{363CF7DB-F4A0-4682-A72C-70D26D1ACEE4}.Debug|ARM64.Build.0 = Debug|Any CPU
		{363CF7DB-F4A0-4682-A72C-70D26D1ACEE4}.Debug|x64.ActiveCfg = Debug|Any CPU
		{363CF7DB-F4A0-4682-A72C-70D26D1ACEE4}.Debug|x64.Build.0 = Debug|Any CPU
		{363CF7DB-F4A0-4682-A72C-70D26D1ACEE4}.Debug|x86.ActiveCfg = Debug|Any CPU
		{363CF7DB-F4A0-4682-A72C-70D26D1ACEE4}.Debug|x86.Build.0 = Debug|Any CPU
		{363CF7DB-F4A0-4682-A72C-70D26D1ACEE4}.Release|Any CPU.ActiveCfg = Release|Any CPU
		{363CF7DB-F4A0-4682-A72C-70D26D1ACEE4}.Release|Any CPU.Build.0 = Release|Any CPU
		{363CF7DB-F4A0-4682-A72C-70D26D1ACEE4}.Release|ARM.ActiveCfg = Release|Any CPU
		{363CF7DB-F4A0-4682-A72C-70D26D1ACEE4}.Release|ARM.Build.0 = Release|Any CPU
		{363CF7DB-F4A0-4682-A72C-70D26D1ACEE4}.Release|ARM64.ActiveCfg = Release|Any CPU
		{363CF7DB-F4A0-4682-A72C-70D26D1ACEE4}.Release|ARM64.Build.0 = Release|Any CPU
		{363CF7DB-F4A0-4682-A72C-70D26D1ACEE4}.Release|x64.ActiveCfg = Release|Any CPU
		{363CF7DB-F4A0-4682-A72C-70D26D1ACEE4}.Release|x64.Build.0 = Release|Any CPU
		{363CF7DB-F4A0-4682-A72C-70D26D1ACEE4}.Release|x86.ActiveCfg = Release|Any CPU
		{363CF7DB-F4A0-4682-A72C-70D26D1ACEE4}.Release|x86.Build.0 = Release|Any CPU
		{90236533-691C-4CA5-9B97-87B7491DB3B4}.Debug|Any CPU.ActiveCfg = Debug|Any CPU
		{90236533-691C-4CA5-9B97-87B7491DB3B4}.Debug|Any CPU.Build.0 = Debug|Any CPU
		{90236533-691C-4CA5-9B97-87B7491DB3B4}.Debug|ARM.ActiveCfg = Debug|Any CPU
		{90236533-691C-4CA5-9B97-87B7491DB3B4}.Debug|ARM.Build.0 = Debug|Any CPU
		{90236533-691C-4CA5-9B97-87B7491DB3B4}.Debug|ARM64.ActiveCfg = Debug|Any CPU
		{90236533-691C-4CA5-9B97-87B7491DB3B4}.Debug|ARM64.Build.0 = Debug|Any CPU
		{90236533-691C-4CA5-9B97-87B7491DB3B4}.Debug|x64.ActiveCfg = Debug|Any CPU
		{90236533-691C-4CA5-9B97-87B7491DB3B4}.Debug|x64.Build.0 = Debug|Any CPU
		{90236533-691C-4CA5-9B97-87B7491DB3B4}.Debug|x86.ActiveCfg = Debug|Any CPU
		{90236533-691C-4CA5-9B97-87B7491DB3B4}.Debug|x86.Build.0 = Debug|Any CPU
		{90236533-691C-4CA5-9B97-87B7491DB3B4}.Release|Any CPU.ActiveCfg = Release|Any CPU
		{90236533-691C-4CA5-9B97-87B7491DB3B4}.Release|Any CPU.Build.0 = Release|Any CPU
		{90236533-691C-4CA5-9B97-87B7491DB3B4}.Release|ARM.ActiveCfg = Release|Any CPU
		{90236533-691C-4CA5-9B97-87B7491DB3B4}.Release|ARM.Build.0 = Release|Any CPU
		{90236533-691C-4CA5-9B97-87B7491DB3B4}.Release|ARM64.ActiveCfg = Release|Any CPU
		{90236533-691C-4CA5-9B97-87B7491DB3B4}.Release|ARM64.Build.0 = Release|Any CPU
		{90236533-691C-4CA5-9B97-87B7491DB3B4}.Release|x64.ActiveCfg = Release|Any CPU
		{90236533-691C-4CA5-9B97-87B7491DB3B4}.Release|x64.Build.0 = Release|Any CPU
		{90236533-691C-4CA5-9B97-87B7491DB3B4}.Release|x86.ActiveCfg = Release|Any CPU
		{90236533-691C-4CA5-9B97-87B7491DB3B4}.Release|x86.Build.0 = Release|Any CPU
		{AC705C6A-4133-4B70-AF90-A9E59634648B}.Debug|Any CPU.ActiveCfg = Debug|Any CPU
		{AC705C6A-4133-4B70-AF90-A9E59634648B}.Debug|Any CPU.Build.0 = Debug|Any CPU
		{AC705C6A-4133-4B70-AF90-A9E59634648B}.Debug|ARM.ActiveCfg = Debug|Any CPU
		{AC705C6A-4133-4B70-AF90-A9E59634648B}.Debug|ARM.Build.0 = Debug|Any CPU
		{AC705C6A-4133-4B70-AF90-A9E59634648B}.Debug|ARM64.ActiveCfg = Debug|Any CPU
		{AC705C6A-4133-4B70-AF90-A9E59634648B}.Debug|ARM64.Build.0 = Debug|Any CPU
		{AC705C6A-4133-4B70-AF90-A9E59634648B}.Debug|x64.ActiveCfg = Debug|Any CPU
		{AC705C6A-4133-4B70-AF90-A9E59634648B}.Debug|x64.Build.0 = Debug|Any CPU
		{AC705C6A-4133-4B70-AF90-A9E59634648B}.Debug|x86.ActiveCfg = Debug|Any CPU
		{AC705C6A-4133-4B70-AF90-A9E59634648B}.Debug|x86.Build.0 = Debug|Any CPU
		{AC705C6A-4133-4B70-AF90-A9E59634648B}.Release|Any CPU.ActiveCfg = Release|Any CPU
		{AC705C6A-4133-4B70-AF90-A9E59634648B}.Release|Any CPU.Build.0 = Release|Any CPU
		{AC705C6A-4133-4B70-AF90-A9E59634648B}.Release|ARM.ActiveCfg = Release|Any CPU
		{AC705C6A-4133-4B70-AF90-A9E59634648B}.Release|ARM.Build.0 = Release|Any CPU
		{AC705C6A-4133-4B70-AF90-A9E59634648B}.Release|ARM64.ActiveCfg = Release|Any CPU
		{AC705C6A-4133-4B70-AF90-A9E59634648B}.Release|ARM64.Build.0 = Release|Any CPU
		{AC705C6A-4133-4B70-AF90-A9E59634648B}.Release|x64.ActiveCfg = Release|Any CPU
		{AC705C6A-4133-4B70-AF90-A9E59634648B}.Release|x64.Build.0 = Release|Any CPU
		{AC705C6A-4133-4B70-AF90-A9E59634648B}.Release|x86.ActiveCfg = Release|Any CPU
		{AC705C6A-4133-4B70-AF90-A9E59634648B}.Release|x86.Build.0 = Release|Any CPU
		{FAB4037F-E0D5-4FE2-A71B-268F9439EA49}.Debug|Any CPU.ActiveCfg = Debug|Any CPU
		{FAB4037F-E0D5-4FE2-A71B-268F9439EA49}.Debug|Any CPU.Build.0 = Debug|Any CPU
		{FAB4037F-E0D5-4FE2-A71B-268F9439EA49}.Debug|ARM.ActiveCfg = Debug|Any CPU
		{FAB4037F-E0D5-4FE2-A71B-268F9439EA49}.Debug|ARM.Build.0 = Debug|Any CPU
		{FAB4037F-E0D5-4FE2-A71B-268F9439EA49}.Debug|ARM64.ActiveCfg = Debug|Any CPU
		{FAB4037F-E0D5-4FE2-A71B-268F9439EA49}.Debug|ARM64.Build.0 = Debug|Any CPU
		{FAB4037F-E0D5-4FE2-A71B-268F9439EA49}.Debug|x64.ActiveCfg = Debug|Any CPU
		{FAB4037F-E0D5-4FE2-A71B-268F9439EA49}.Debug|x64.Build.0 = Debug|Any CPU
		{FAB4037F-E0D5-4FE2-A71B-268F9439EA49}.Debug|x86.ActiveCfg = Debug|Any CPU
		{FAB4037F-E0D5-4FE2-A71B-268F9439EA49}.Debug|x86.Build.0 = Debug|Any CPU
		{FAB4037F-E0D5-4FE2-A71B-268F9439EA49}.Release|Any CPU.ActiveCfg = Release|Any CPU
		{FAB4037F-E0D5-4FE2-A71B-268F9439EA49}.Release|Any CPU.Build.0 = Release|Any CPU
		{FAB4037F-E0D5-4FE2-A71B-268F9439EA49}.Release|ARM.ActiveCfg = Release|Any CPU
		{FAB4037F-E0D5-4FE2-A71B-268F9439EA49}.Release|ARM.Build.0 = Release|Any CPU
		{FAB4037F-E0D5-4FE2-A71B-268F9439EA49}.Release|ARM64.ActiveCfg = Release|Any CPU
		{FAB4037F-E0D5-4FE2-A71B-268F9439EA49}.Release|ARM64.Build.0 = Release|Any CPU
		{FAB4037F-E0D5-4FE2-A71B-268F9439EA49}.Release|x64.ActiveCfg = Release|Any CPU
		{FAB4037F-E0D5-4FE2-A71B-268F9439EA49}.Release|x64.Build.0 = Release|Any CPU
		{FAB4037F-E0D5-4FE2-A71B-268F9439EA49}.Release|x86.ActiveCfg = Release|Any CPU
		{FAB4037F-E0D5-4FE2-A71B-268F9439EA49}.Release|x86.Build.0 = Release|Any CPU
		{D07C355E-F5D2-4221-8AB6-9D95DDC75856}.Debug|Any CPU.ActiveCfg = Debug|Any CPU
		{D07C355E-F5D2-4221-8AB6-9D95DDC75856}.Debug|Any CPU.Build.0 = Debug|Any CPU
		{D07C355E-F5D2-4221-8AB6-9D95DDC75856}.Debug|ARM.ActiveCfg = Debug|Any CPU
		{D07C355E-F5D2-4221-8AB6-9D95DDC75856}.Debug|ARM.Build.0 = Debug|Any CPU
		{D07C355E-F5D2-4221-8AB6-9D95DDC75856}.Debug|ARM64.ActiveCfg = Debug|Any CPU
		{D07C355E-F5D2-4221-8AB6-9D95DDC75856}.Debug|ARM64.Build.0 = Debug|Any CPU
		{D07C355E-F5D2-4221-8AB6-9D95DDC75856}.Debug|x64.ActiveCfg = Debug|Any CPU
		{D07C355E-F5D2-4221-8AB6-9D95DDC75856}.Debug|x64.Build.0 = Debug|Any CPU
		{D07C355E-F5D2-4221-8AB6-9D95DDC75856}.Debug|x86.ActiveCfg = Debug|Any CPU
		{D07C355E-F5D2-4221-8AB6-9D95DDC75856}.Debug|x86.Build.0 = Debug|Any CPU
		{D07C355E-F5D2-4221-8AB6-9D95DDC75856}.Release|Any CPU.ActiveCfg = Release|Any CPU
		{D07C355E-F5D2-4221-8AB6-9D95DDC75856}.Release|Any CPU.Build.0 = Release|Any CPU
		{D07C355E-F5D2-4221-8AB6-9D95DDC75856}.Release|ARM.ActiveCfg = Release|Any CPU
		{D07C355E-F5D2-4221-8AB6-9D95DDC75856}.Release|ARM.Build.0 = Release|Any CPU
		{D07C355E-F5D2-4221-8AB6-9D95DDC75856}.Release|ARM64.ActiveCfg = Release|Any CPU
		{D07C355E-F5D2-4221-8AB6-9D95DDC75856}.Release|ARM64.Build.0 = Release|Any CPU
		{D07C355E-F5D2-4221-8AB6-9D95DDC75856}.Release|x64.ActiveCfg = Release|Any CPU
		{D07C355E-F5D2-4221-8AB6-9D95DDC75856}.Release|x64.Build.0 = Release|Any CPU
		{D07C355E-F5D2-4221-8AB6-9D95DDC75856}.Release|x86.ActiveCfg = Release|Any CPU
		{D07C355E-F5D2-4221-8AB6-9D95DDC75856}.Release|x86.Build.0 = Release|Any CPU
	EndGlobalSection
	GlobalSection(SolutionProperties) = preSolution
		HideSolutionNode = FALSE
	EndGlobalSection
	GlobalSection(NestedProjects) = preSolution
		{55180D38-D931-4C9E-ADF7-1E1D38E20A0F} = {E6975191-48BB-43D9-B98B-20CD18BC983F}
		{363CF7DB-F4A0-4682-A72C-70D26D1ACEE4} = {E6975191-48BB-43D9-B98B-20CD18BC983F}
		{90236533-691C-4CA5-9B97-87B7491DB3B4} = {E6975191-48BB-43D9-B98B-20CD18BC983F}
		{AC705C6A-4133-4B70-AF90-A9E59634648B} = {E6975191-48BB-43D9-B98B-20CD18BC983F}
		{FAB4037F-E0D5-4FE2-A71B-268F9439EA49} = {E6975191-48BB-43D9-B98B-20CD18BC983F}
		{D07C355E-F5D2-4221-8AB6-9D95DDC75856} = {E6975191-48BB-43D9-B98B-20CD18BC983F}
	EndGlobalSection
	GlobalSection(ExtensibilityGlobals) = postSolution
		SolutionGuid = {099D52F1-6061-4156-9A2C-557CAA2F504E}
	EndGlobalSection
EndGlobal
